
Microsoft Visual Studio Solution File, Format Version 12.00
# Visual Studio Version 17
VisualStudioVersion = 17.11.35312.102
MinimumVisualStudioVersion = 10.0.40219.1
Project("{9A19103F-16F7-4668-BE54-9A1E7A4F7556}") = "MauiAppMeuCombustivel", "MauiAppMeuCombustivel\MauiAppMeuCombustivel.csproj", "{46CC708C-505A-490B-B0EE-2CFB53C3DB3B}"
EndProject
Global
	GlobalSection(SolutionConfigurationPlatforms) = preSolution
		Debug|Any CPU = Debug|Any CPU
		Release|Any CPU = Release|Any CPU
	EndGlobalSection
	GlobalSection(ProjectConfigurationPlatforms) = postSolution
		{46CC708C-505A-490B-B0EE-2CFB53C3DB3B}.Debug|Any CPU.ActiveCfg = Debug|Any CPU
		{46CC708C-505A-490B-B0EE-2CFB53C3DB3B}.Debug|Any CPU.Build.0 = Debug|Any CPU
		{46CC708C-505A-490B-B0EE-2CFB53C3DB3B}.Debug|Any CPU.Deploy.0 = Debug|Any CPU
		{46CC708C-505A-490B-B0EE-2CFB53C3DB3B}.Release|Any CPU.ActiveCfg = Release|Any CPU
		{46CC708C-505A-490B-B0EE-2CFB53C3DB3B}.Release|Any CPU.Build.0 = Release|Any CPU
		{46CC708C-505A-490B-B0EE-2CFB53C3DB3B}.Release|Any CPU.Deploy.0 = Release|Any CPU
	EndGlobalSection
	GlobalSection(SolutionProperties) = preSolution
		HideSolutionNode = FALSE
	EndGlobalSection
	GlobalSection(ExtensibilityGlobals) = postSolution
		SolutionGuid = {E5DA1790-4CF6-43C2-A591-911A8F92D407}
	EndGlobalSection
EndGlobal
